
Microsoft Visual Studio Solution File, Format Version 12.00
# Visual Studio Version 17
VisualStudioVersion = 17.14.36811.4
MinimumVisualStudioVersion = 10.0.40219.1
Project("{2150E333-8FDC-42A3-9474-1A3956D46DE8}") = "Task0", "Task0", "{02EA681E-C7D8-13C7-8484-4AC65E1B71E8}"
EndProject
Project("{FAE04EC0-301F-11D3-BF4B-00C04F79EFBC}") = "Tyuiu.StarikovaVYA.Sprint1.Task0.V11", "Tyuiu.StarikovaVYA.Sprint1.Task0.V11\Tyuiu.StarikovaVYA.Sprint1.Task0.V11.csproj", "{D97109F7-B966-4F58-845E-98FC05D3AB3F}"
EndProject
Project("{FAE04EC0-301F-11D3-BF4B-00C04F79EFBC}") = "Tyuiu.StarikovaVYA.Sprint1.Task0.V11.Lib", "Tyuiu.StarikovaVYA.Sprint1.Task0.V11.Lib\Tyuiu.StarikovaVYA.Sprint1.Task0.V11.Lib.csproj", "{5733E796-79F6-4D2E-B075-3EB4E2330943}"
EndProject
Project("{FAE04EC0-301F-11D3-BF4B-00C04F79EFBC}") = "Tyuiu.StarikovaVYA.Sprint1.Task0.V11.Test", "Tyuiu.StarikovaVYA.Sprint1.Task0.V11.Test\Tyuiu.StarikovaVYA.Sprint1.Task0.V11.Test.csproj", "{0A23E5B1-7DDF-4478-AB85-5F22900A4F3B}"
EndProject
Project("{2150E333-8FDC-42A3-9474-1A3956D46DE8}") = "Task1", "Task1", "{7A45AC7C-BE6F-463F-9153-BEA4F8775D44}"
EndProject
Project("{FAE04EC0-301F-11D3-BF4B-00C04F79EFBC}") = "Tyuiu.StarikovaVYA.Sprint1.Task1.V24", "Tyuiu.StarikovaVYA.Sprint1.Task1.V24\Tyuiu.StarikovaVYA.Sprint1.Task1.V24.csproj", "{9BCD746C-3C82-4AC8-A776-848080948C84}"
EndProject
Project("{FAE04EC0-301F-11D3-BF4B-00C04F79EFBC}") = "Tyuiu.StarikovaVYA.Sprint1.Task1.V24.Lib", "Tyuiu.StarikovaVYA.Sprint1.Task1.V24.Lib\Tyuiu.StarikovaVYA.Sprint1.Task1.V24.Lib.csproj", "{2F485AB4-E369-4073-8D02-E540FCF54B42}"
EndProject
Project("{FAE04EC0-301F-11D3-BF4B-00C04F79EFBC}") = "Tyuiu.StarikovaVYA.Sprint1.Task1.V24.Test", "Tyuiu.StarikovaVYA.Sprint1.Task1.V24.Test\Tyuiu.StarikovaVYA.Sprint1.Task1.V24.Test.csproj", "{A1EEC674-3E68-4834-83F4-06436F895652}"
EndProject
Project("{2150E333-8FDC-42A3-9474-1A3956D46DE8}") = "Task2", "Task2", "{54F74969-304B-4E41-897D-DE9DED4D91EC}"
EndProject
Project("{FAE04EC0-301F-11D3-BF4B-00C04F79EFBC}") = "Tyuiu.StarikovaVYA.Sprint1.Task2.V16", "Tyuiu.StarikovaVYA.Sprint1.Task2.V16\Tyuiu.StarikovaVYA.Sprint1.Task2.V16.csproj", "{918669AB-6431-4A23-992F-01E0354E738E}"
EndProject
Project("{FAE04EC0-301F-11D3-BF4B-00C04F79EFBC}") = "Tyuiu.StarikovaVYA.Sprint1.Task2.V16.Lib", "Tyuiu.StarikovaVYA.Sprint1.Task2.V16.Lib\Tyuiu.StarikovaVYA.Sprint1.Task2.V16.Lib.csproj", "{2C508BFA-2A40-4B40-917A-87A7FC7F9071}"
EndProject
Project("{FAE04EC0-301F-11D3-BF4B-00C04F79EFBC}") = "Tyuiu.StarikovaVYA.Sprint1.Task2.V16.Test", "Tyuiu.StarikovaVYA.Sprint1.Task2.V16.Test\Tyuiu.StarikovaVYA.Sprint1.Task2.V16.Test.csproj", "{19F9F2EA-51D4-40DA-9F52-97749CC09310}"
EndProject
Project("{2150E333-8FDC-42A3-9474-1A3956D46DE8}") = "Task3", "Task3", "{65AD4A72-FA09-438B-95E2-5D8380C099C2}"
EndProject
Project("{FAE04EC0-301F-11D3-BF4B-00C04F79EFBC}") = "Tyuiu.StarikovaVYA.Sprint1.Task3.V11", "Tyuiu.StarikovaVYA.Sprint1.Task3.V11\Tyuiu.StarikovaVYA.Sprint1.Task3.V11.csproj", "{F39CAB06-4E85-4849-96A5-7A35079322D1}"
EndProject
Project("{FAE04EC0-301F-11D3-BF4B-00C04F79EFBC}") = "Tyuiu.StarikovaVYA.Sprint1.Task3.V11.Lib", "Tyuiu.StarikovaVYA.Sprint1.Task3.V11.Lib\Tyuiu.StarikovaVYA.Sprint1.Task3.V11.Lib.csproj", "{449A469C-A55A-4F89-877F-F7C5570308E0}"
EndProject
Project("{FAE04EC0-301F-11D3-BF4B-00C04F79EFBC}") = "Tyuiu.StarikovaVYA.Sprint1.Task3.V11.Test", "Tyuiu.StarikovaVYA.Sprint1.Task3.V11.Test\Tyuiu.StarikovaVYA.Sprint1.Task3.V11.Test.csproj", "{79874549-9C7C-41E2-87E1-996EB77A9F27}"
EndProject
Global
	GlobalSection(SolutionConfigurationPlatforms) = preSolution
		Debug|Any CPU = Debug|Any CPU
		Release|Any CPU = Release|Any CPU
	EndGlobalSection
	GlobalSection(ProjectConfigurationPlatforms) = postSolution
		{D97109F7-B966-4F58-845E-98FC05D3AB3F}.Debug|Any CPU.ActiveCfg = Debug|Any CPU
		{D97109F7-B966-4F58-845E-98FC05D3AB3F}.Debug|Any CPU.Build.0 = Debug|Any CPU
		{D97109F7-B966-4F58-845E-98FC05D3AB3F}.Release|Any CPU.ActiveCfg = Release|Any CPU
		{D97109F7-B966-4F58-845E-98FC05D3AB3F}.Release|Any CPU.Build.0 = Release|Any CPU
		{5733E796-79F6-4D2E-B075-3EB4E2330943}.Debug|Any CPU.ActiveCfg = Debug|Any CPU
		{5733E796-79F6-4D2E-B075-3EB4E2330943}.Debug|Any CPU.Build.0 = Debug|Any CPU
		{5733E796-79F6-4D2E-B075-3EB4E2330943}.Release|Any CPU.ActiveCfg = Release|Any CPU
		{5733E796-79F6-4D2E-B075-3EB4E2330943}.Release|Any CPU.Build.0 = Release|Any CPU
		{0A23E5B1-7DDF-4478-AB85-5F22900A4F3B}.Debug|Any CPU.ActiveCfg = Debug|Any CPU
		{0A23E5B1-7DDF-4478-AB85-5F22900A4F3B}.Debug|Any CPU.Build.0 = Debug|Any CPU
		{0A23E5B1-7DDF-4478-AB85-5F22900A4F3B}.Release|Any CPU.ActiveCfg = Release|Any CPU
		{0A23E5B1-7DDF-4478-AB85-5F22900A4F3B}.Release|Any CPU.Build.0 = Release|Any CPU
		{9BCD746C-3C82-4AC8-A776-848080948C84}.Debug|Any CPU.ActiveCfg = Debug|Any CPU
		{9BCD746C-3C82-4AC8-A776-848080948C84}.Debug|Any CPU.Build.0 = Debug|Any CPU
		{9BCD746C-3C82-4AC8-A776-848080948C84}.Release|Any CPU.ActiveCfg = Release|Any CPU
		{9BCD746C-3C82-4AC8-A776-848080948C84}.Release|Any CPU.Build.0 = Release|Any CPU
		{2F485AB4-E369-4073-8D02-E540FCF54B42}.Debug|Any CPU.ActiveCfg = Debug|Any CPU
		{2F485AB4-E369-4073-8D02-E540FCF54B42}.Debug|Any CPU.Build.0 = Debug|Any CPU
		{2F485AB4-E369-4073-8D02-E540FCF54B42}.Release|Any CPU.ActiveCfg = Release|Any CPU
		{2F485AB4-E369-4073-8D02-E540FCF54B42}.Release|Any CPU.Build.0 = Release|Any CPU
		{A1EEC674-3E68-4834-83F4-06436F895652}.Debug|Any CPU.ActiveCfg = Debug|Any CPU
		{A1EEC674-3E68-4834-83F4-06436F895652}.Debug|Any CPU.Build.0 = Debug|Any CPU
		{A1EEC674-3E68-4834-83F4-06436F895652}.Release|Any CPU.ActiveCfg = Release|Any CPU
		{A1EEC674-3E68-4834-83F4-06436F895652}.Release|Any CPU.Build.0 = Release|Any CPU
		{918669AB-6431-4A23-992F-01E0354E738E}.Debug|Any CPU.ActiveCfg = Debug|Any CPU
		{918669AB-6431-4A23-992F-01E0354E738E}.Debug|Any CPU.Build.0 = Debug|Any CPU
		{918669AB-6431-4A23-992F-01E0354E738E}.Release|Any CPU.ActiveCfg = Release|Any CPU
		{918669AB-6431-4A23-992F-01E0354E738E}.Release|Any CPU.Build.0 = Release|Any CPU
		{2C508BFA-2A40-4B40-917A-87A7FC7F9071}.Debug|Any CPU.ActiveCfg = Debug|Any CPU
		{2C508BFA-2A40-4B40-917A-87A7FC7F9071}.Debug|Any CPU.Build.0 = Debug|Any CPU
		{2C508BFA-2A40-4B40-917A-87A7FC7F9071}.Release|Any CPU.ActiveCfg = Release|Any CPU
		{2C508BFA-2A40-4B40-917A-87A7FC7F9071}.Release|Any CPU.Build.0 = Release|Any CPU
		{19F9F2EA-51D4-40DA-9F52-97749CC09310}.Debug|Any CPU.ActiveCfg = Debug|Any CPU
		{19F9F2EA-51D4-40DA-9F52-97749CC09310}.Debug|Any CPU.Build.0 = Debug|Any CPU
		{19F9F2EA-51D4-40DA-9F52-97749CC09310}.Release|Any CPU.ActiveCfg = Release|Any CPU
		{19F9F2EA-51D4-40DA-9F52-97749CC09310}.Release|Any CPU.Build.0 = Release|Any CPU
		{F39CAB06-4E85-4849-96A5-7A35079322D1}.Debug|Any CPU.ActiveCfg = Debug|Any CPU
		{F39CAB06-4E85-4849-96A5-7A35079322D1}.Debug|Any CPU.Build.0 = Debug|Any CPU
		{F39CAB06-4E85-4849-96A5-7A35079322D1}.Release|Any CPU.ActiveCfg = Release|Any CPU
		{F39CAB06-4E85-4849-96A5-7A35079322D1}.Release|Any CPU.Build.0 = Release|Any CPU
		{449A469C-A55A-4F89-877F-F7C5570308E0}.Debug|Any CPU.ActiveCfg = Debug|Any CPU
		{449A469C-A55A-4F89-877F-F7C5570308E0}.Debug|Any CPU.Build.0 = Debug|Any CPU
		{449A469C-A55A-4F89-877F-F7C5570308E0}.Release|Any CPU.ActiveCfg = Release|Any CPU
		{449A469C-A55A-4F89-877F-F7C5570308E0}.Release|Any CPU.Build.0 = Release|Any CPU
		{79874549-9C7C-41E2-87E1-996EB77A9F27}.Debug|Any CPU.ActiveCfg = Debug|Any CPU
		{79874549-9C7C-41E2-87E1-996EB77A9F27}.Debug|Any CPU.Build.0 = Debug|Any CPU
		{79874549-9C7C-41E2-87E1-996EB77A9F27}.Release|Any CPU.ActiveCfg = Release|Any CPU
		{79874549-9C7C-41E2-87E1-996EB77A9F27}.Release|Any CPU.Build.0 = Release|Any CPU
	EndGlobalSection
	GlobalSection(SolutionProperties) = preSolution
		HideSolutionNode = FALSE
	EndGlobalSection
	GlobalSection(NestedProjects) = preSolution
		{D97109F7-B966-4F58-845E-98FC05D3AB3F} = {02EA681E-C7D8-13C7-8484-4AC65E1B71E8}
		{5733E796-79F6-4D2E-B075-3EB4E2330943} = {02EA681E-C7D8-13C7-8484-4AC65E1B71E8}
		{0A23E5B1-7DDF-4478-AB85-5F22900A4F3B} = {02EA681E-C7D8-13C7-8484-4AC65E1B71E8}
		{9BCD746C-3C82-4AC8-A776-848080948C84} = {7A45AC7C-BE6F-463F-9153-BEA4F8775D44}
		{2F485AB4-E369-4073-8D02-E540FCF54B42} = {7A45AC7C-BE6F-463F-9153-BEA4F8775D44}
		{A1EEC674-3E68-4834-83F4-06436F895652} = {7A45AC7C-BE6F-463F-9153-BEA4F8775D44}
		{918669AB-6431-4A23-992F-01E0354E738E} = {54F74969-304B-4E41-897D-DE9DED4D91EC}
		{2C508BFA-2A40-4B40-917A-87A7FC7F9071} = {54F74969-304B-4E41-897D-DE9DED4D91EC}
		{19F9F2EA-51D4-40DA-9F52-97749CC09310} = {54F74969-304B-4E41-897D-DE9DED4D91EC}
		{F39CAB06-4E85-4849-96A5-7A35079322D1} = {65AD4A72-FA09-438B-95E2-5D8380C099C2}
		{449A469C-A55A-4F89-877F-F7C5570308E0} = {65AD4A72-FA09-438B-95E2-5D8380C099C2}
		{79874549-9C7C-41E2-87E1-996EB77A9F27} = {65AD4A72-FA09-438B-95E2-5D8380C099C2}
	EndGlobalSection
	GlobalSection(ExtensibilityGlobals) = postSolution
		SolutionGuid = {475DCB36-F0A5-474F-B190-7E908B6D6C63}
	EndGlobalSection
EndGlobal
